
Microsoft Visual Studio Solution File, Format Version 12.00
# Visual Studio Version 17
VisualStudioVersion = 17.2.32526.322
MinimumVisualStudioVersion = 10.0.40219.1
Project("{FAE04EC0-301F-11D3-BF4B-00C04F79EFBC}") = "AirportDistanceService", "AirportDistanceService\AirportDistanceService.csproj", "{6F327B00-2A74-400B-96B3-73FFAC68CBB1}"
EndProject
Global
	GlobalSection(SolutionConfigurationPlatforms) = preSolution
		Debug|Any CPU = Debug|Any CPU
		Release|Any CPU = Release|Any CPU
	EndGlobalSection
	GlobalSection(ProjectConfigurationPlatforms) = postSolution
		{6F327B00-2A74-400B-96B3-73FFAC68CBB1}.Debug|Any CPU.ActiveCfg = Debug|Any CPU
		{6F327B00-2A74-400B-96B3-73FFAC68CBB1}.Debug|Any CPU.Build.0 = Debug|Any CPU
		{6F327B00-2A74-400B-96B3-73FFAC68CBB1}.Release|Any CPU.ActiveCfg = Release|Any CPU
		{6F327B00-2A74-400B-96B3-73FFAC68CBB1}.Release|Any CPU.Build.0 = Release|Any CPU
	EndGlobalSection
	GlobalSection(SolutionProperties) = preSolution
		HideSolutionNode = FALSE
	EndGlobalSection
	GlobalSection(ExtensibilityGlobals) = postSolution
		SolutionGuid = {4392298C-8438-4CDB-904B-AF3BECB58BA1}
	EndGlobalSection
EndGlobal
